// !$*UTF8*$!
{
	archiveVersion = 1;
	classes = {
	};
	objectVersion = 46;
	objects = {

/* Begin PBXBuildFile section */
		B76AFD671C36E89100935120 /* LaunchScreen.storyboard in Resources */ = {isa = PBXBuildFile; fileRef = B76AFD661C36E89100935120 /* LaunchScreen.storyboard */; };
		E12DF8DF18E94BFC006B8543 /* Foundation.framework in Frameworks */ = {isa = PBXBuildFile; fileRef = E12DF8DE18E94BFC006B8543 /* Foundation.framework */; };
		E12DF8E118E94BFC006B8543 /* CoreGraphics.framework in Frameworks */ = {isa = PBXBuildFile; fileRef = E12DF8E018E94BFC006B8543 /* CoreGraphics.framework */; };
		E12DF8E318E94BFC006B8543 /* UIKit.framework in Frameworks */ = {isa = PBXBuildFile; fileRef = E12DF8E218E94BFC006B8543 /* UIKit.framework */; };
		E12DF8E918E94BFC006B8543 /* InfoPlist.strings in Resources */ = {isa = PBXBuildFile; fileRef = E12DF8E718E94BFC006B8543 /* InfoPlist.strings */; };
		E12DF8EB18E94BFC006B8543 /* main.m in Sources */ = {isa = PBXBuildFile; fileRef = E12DF8EA18E94BFC006B8543 /* main.m */; };
		E12DF8FA18E94BFC006B8543 /* Images.xcassets in Resources */ = {isa = PBXBuildFile; fileRef = E12DF8F918E94BFC006B8543 /* Images.xcassets */; };
		E12DF90118E94BFD006B8543 /* XCTest.framework in Frameworks */ = {isa = PBXBuildFile; fileRef = E12DF90018E94BFD006B8543 /* XCTest.framework */; };
		E12DF90218E94BFD006B8543 /* Foundation.framework in Frameworks */ = {isa = PBXBuildFile; fileRef = E12DF8DE18E94BFC006B8543 /* Foundation.framework */; };
		E12DF90318E94BFD006B8543 /* UIKit.framework in Frameworks */ = {isa = PBXBuildFile; fileRef = E12DF8E218E94BFC006B8543 /* UIKit.framework */; };
		E12DF90B18E94BFD006B8543 /* InfoPlist.strings in Resources */ = {isa = PBXBuildFile; fileRef = E12DF90918E94BFD006B8543 /* InfoPlist.strings */; };
		E12DF90D18E94BFD006B8543 /* JYSlideSegmentControllerTests.m in Sources */ = {isa = PBXBuildFile; fileRef = E12DF90C18E94BFD006B8543 /* JYSlideSegmentControllerTests.m */; };
		E15A7BEE18EA9FBD00BD23E5 /* JYSlideSegmentController.m in Sources */ = {isa = PBXBuildFile; fileRef = E15A7BED18EA9FBD00BD23E5 /* JYSlideSegmentController.m */; };
		E15A7BF218EA9FD700BD23E5 /* AppDelegate.m in Sources */ = {isa = PBXBuildFile; fileRef = E15A7BF118EA9FD700BD23E5 /* AppDelegate.m */; };
/* End PBXBuildFile section */

/* Begin PBXContainerItemProxy section */
		E12DF90418E94BFD006B8543 /* PBXContainerItemProxy */ = {
			isa = PBXContainerItemProxy;
			containerPortal = E12DF8D318E94BFC006B8543 /* Project object */;
			proxyType = 1;
			remoteGlobalIDString = E12DF8DA18E94BFC006B8543;
			remoteInfo = JYSlideSegmentController;
		};
/* End PBXContainerItemProxy section */

/* Begin PBXFileReference section */
		B76AFD661C36E89100935120 /* LaunchScreen.storyboard */ = {isa = PBXFileReference; fileEncoding = 4; lastKnownFileType = file.storyboard; path = LaunchScreen.storyboard; sourceTree = "<group>"; };
		E12DF8DB18E94BFC006B8543 /* JYSlideSegmentController.app */ = {isa = PBXFileReference; explicitFileType = wrapper.application; includeInIndex = 0; path = JYSlideSegmentController.app; sourceTree = BUILT_PRODUCTS_DIR; };
		E12DF8DE18E94BFC006B8543 /* Foundation.framework */ = {isa = PBXFileReference; lastKnownFileType = wrapper.framework; name = Foundation.framework; path = System/Library/Frameworks/Foundation.framework; sourceTree = SDKROOT; };
		E12DF8E018E94BFC006B8543 /* CoreGraphics.framework */ = {isa = PBXFileReference; lastKnownFileType = wrapper.framework; name = CoreGraphics.framework; path = System/Library/Frameworks/CoreGraphics.framework; sourceTree = SDKROOT; };
		E12DF8E218E94BFC006B8543 /* UIKit.framework */ = {isa = PBXFileReference; lastKnownFileType = wrapper.framework; name = UIKit.framework; path = System/Library/Frameworks/UIKit.framework; sourceTree = SDKROOT; };
		E12DF8E618E94BFC006B8543 /* JYSlideSegmentController-Info.plist */ = {isa = PBXFileReference; lastKnownFileType = text.plist.xml; path = "JYSlideSegmentController-Info.plist"; sourceTree = "<group>"; };
		E12DF8E818E94BFC006B8543 /* en */ = {isa = PBXFileReference; lastKnownFileType = text.plist.strings; name = en; path = en.lproj/InfoPlist.strings; sourceTree = "<group>"; };
		E12DF8EA18E94BFC006B8543 /* main.m */ = {isa = PBXFileReference; lastKnownFileType = sourcecode.c.objc; path = main.m; sourceTree = "<group>"; };
		E12DF8EC18E94BFC006B8543 /* JYSlideSegmentController-Prefix.pch */ = {isa = PBXFileReference; lastKnownFileType = sourcecode.c.h; path = "JYSlideSegmentController-Prefix.pch"; sourceTree = "<group>"; };
		E12DF8F918E94BFC006B8543 /* Images.xcassets */ = {isa = PBXFileReference; lastKnownFileType = folder.assetcatalog; path = Images.xcassets; sourceTree = "<group>"; };
		E12DF8FF18E94BFD006B8543 /* JYSlideSegmentControllerTests.xctest */ = {isa = PBXFileReference; explicitFileType = wrapper.cfbundle; includeInIndex = 0; path = JYSlideSegmentControllerTests.xctest; sourceTree = BUILT_PRODUCTS_DIR; };
		E12DF90018E94BFD006B8543 /* XCTest.framework */ = {isa = PBXFileReference; lastKnownFileType = wrapper.framework; name = XCTest.framework; path = Library/Frameworks/XCTest.framework; sourceTree = DEVELOPER_DIR; };
		E12DF90818E94BFD006B8543 /* JYSlideSegmentControllerTests-Info.plist */ = {isa = PBXFileReference; lastKnownFileType = text.plist.xml; path = "JYSlideSegmentControllerTests-Info.plist"; sourceTree = "<group>"; };
		E12DF90A18E94BFD006B8543 /* en */ = {isa = PBXFileReference; lastKnownFileType = text.plist.strings; name = en; path = en.lproj/InfoPlist.strings; sourceTree = "<group>"; };
		E12DF90C18E94BFD006B8543 /* JYSlideSegmentControllerTests.m */ = {isa = PBXFileReference; lastKnownFileType = sourcecode.c.objc; path = JYSlideSegmentControllerTests.m; sourceTree = "<group>"; };
		E15A7BEC18EA9FBD00BD23E5 /* JYSlideSegmentController.h */ = {isa = PBXFileReference; fileEncoding = 4; lastKnownFileType = sourcecode.c.h; path = JYSlideSegmentController.h; sourceTree = "<group>"; };
		E15A7BED18EA9FBD00BD23E5 /* JYSlideSegmentController.m */ = {isa = PBXFileReference; fileEncoding = 4; lastKnownFileType = sourcecode.c.objc; path = JYSlideSegmentController.m; sourceTree = "<group>"; };
		E15A7BF018EA9FD700BD23E5 /* AppDelegate.h */ = {isa = PBXFileReference; fileEncoding = 4; lastKnownFileType = sourcecode.c.h; path = AppDelegate.h; sourceTree = "<group>"; };
		E15A7BF118EA9FD700BD23E5 /* AppDelegate.m */ = {isa = PBXFileReference; fileEncoding = 4; lastKnownFileType = sourcecode.c.objc; path = AppDelegate.m; sourceTree = "<group>"; };
/* End PBXFileReference section */

/* Begin PBXFrameworksBuildPhase section */
		E12DF8D818E94BFC006B8543 /* Frameworks */ = {
			isa = PBXFrameworksBuildPhase;
			buildActionMask = 2147483647;
			files = (
				E12DF8E118E94BFC006B8543 /* CoreGraphics.framework in Frameworks */,
				E12DF8E318E94BFC006B8543 /* UIKit.framework in Frameworks */,
				E12DF8DF18E94BFC006B8543 /* Foundation.framework in Frameworks */,
			);
			runOnlyForDeploymentPostprocessing = 0;
		};
		E12DF8FC18E94BFD006B8543 /* Frameworks */ = {
			isa = PBXFrameworksBuildPhase;
			buildActionMask = 2147483647;
			files = (
				E12DF90118E94BFD006B8543 /* XCTest.framework in Frameworks */,
				E12DF90318E94BFD006B8543 /* UIKit.framework in Frameworks */,
				E12DF90218E94BFD006B8543 /* Foundation.framework in Frameworks */,
			);
			runOnlyForDeploymentPostprocessing = 0;
		};
/* End PBXFrameworksBuildPhase section */

/* Begin PBXGroup section */
		E12DF8D218E94BFC006B8543 = {
			isa = PBXGroup;
			children = (
				E12DF8E418E94BFC006B8543 /* JYSlideSegmentController */,
				E12DF90618E94BFD006B8543 /* JYSlideSegmentControllerTests */,
				E12DF8DD18E94BFC006B8543 /* Frameworks */,
				E12DF8DC18E94BFC006B8543 /* Products */,
			);
			sourceTree = "<group>";
		};
		E12DF8DC18E94BFC006B8543 /* Products */ = {
			isa = PBXGroup;
			children = (
				E12DF8DB18E94BFC006B8543 /* JYSlideSegmentController.app */,
				E12DF8FF18E94BFD006B8543 /* JYSlideSegmentControllerTests.xctest */,
			);
			name = Products;
			sourceTree = "<group>";
		};
		E12DF8DD18E94BFC006B8543 /* Frameworks */ = {
			isa = PBXGroup;
			children = (
				E12DF8DE18E94BFC006B8543 /* Foundation.framework */,
				E12DF8E018E94BFC006B8543 /* CoreGraphics.framework */,
				E12DF8E218E94BFC006B8543 /* UIKit.framework */,
				E12DF90018E94BFD006B8543 /* XCTest.framework */,
			);
			name = Frameworks;
			sourceTree = "<group>";
		};
		E12DF8E418E94BFC006B8543 /* JYSlideSegmentController */ = {
			isa = PBXGroup;
			children = (
				E15A7BEF18EA9FD700BD23E5 /* App */,
				E15A7BEB18EA9FBD00BD23E5 /* Source */,
				E12DF8F918E94BFC006B8543 /* Images.xcassets */,
				E12DF8E518E94BFC006B8543 /* Supporting Files */,
			);
			path = JYSlideSegmentController;
			sourceTree = "<group>";
		};
		E12DF8E518E94BFC006B8543 /* Supporting Files */ = {
			isa = PBXGroup;
			children = (
				E12DF8E618E94BFC006B8543 /* JYSlideSegmentController-Info.plist */,
				E12DF8E718E94BFC006B8543 /* InfoPlist.strings */,
				E12DF8EA18E94BFC006B8543 /* main.m */,
				E12DF8EC18E94BFC006B8543 /* JYSlideSegmentController-Prefix.pch */,
			);
			name = "Supporting Files";
			sourceTree = "<group>";
		};
		E12DF90618E94BFD006B8543 /* JYSlideSegmentControllerTests */ = {
			isa = PBXGroup;
			children = (
				E12DF90C18E94BFD006B8543 /* JYSlideSegmentControllerTests.m */,
				E12DF90718E94BFD006B8543 /* Supporting Files */,
			);
			path = JYSlideSegmentControllerTests;
			sourceTree = "<group>";
		};
		E12DF90718E94BFD006B8543 /* Supporting Files */ = {
			isa = PBXGroup;
			children = (
				E12DF90818E94BFD006B8543 /* JYSlideSegmentControllerTests-Info.plist */,
				E12DF90918E94BFD006B8543 /* InfoPlist.strings */,
			);
			name = "Supporting Files";
			sourceTree = "<group>";
		};
		E15A7BEB18EA9FBD00BD23E5 /* Source */ = {
			isa = PBXGroup;
			children = (
				E15A7BEC18EA9FBD00BD23E5 /* JYSlideSegmentController.h */,
				E15A7BED18EA9FBD00BD23E5 /* JYSlideSegmentController.m */,
			);
			path = Source;
			sourceTree = "<group>";
		};
		E15A7BEF18EA9FD700BD23E5 /* App */ = {
			isa = PBXGroup;
			children = (
				E15A7BF018EA9FD700BD23E5 /* AppDelegate.h */,
				E15A7BF118EA9FD700BD23E5 /* AppDelegate.m */,
				B76AFD661C36E89100935120 /* LaunchScreen.storyboard */,
			);
			path = App;
			sourceTree = "<group>";
		};
/* End PBXGroup section */

/* Begin PBXNativeTarget section */
		E12DF8DA18E94BFC006B8543 /* JYSlideSegmentController */ = {
			isa = PBXNativeTarget;
			buildConfigurationList = E12DF91018E94BFD006B8543 /* Build configuration list for PBXNativeTarget "JYSlideSegmentController" */;
			buildPhases = (
				E12DF8D718E94BFC006B8543 /* Sources */,
				E12DF8D818E94BFC006B8543 /* Frameworks */,
				E12DF8D918E94BFC006B8543 /* Resources */,
			);
			buildRules = (
			);
			dependencies = (
			);
			name = JYSlideSegmentController;
			productName = JYSlideSegmentController;
			productReference = E12DF8DB18E94BFC006B8543 /* JYSlideSegmentController.app */;
			productType = "com.apple.product-type.application";
		};
		E12DF8FE18E94BFD006B8543 /* JYSlideSegmentControllerTests */ = {
			isa = PBXNativeTarget;
			buildConfigurationList = E12DF91318E94BFD006B8543 /* Build configuration list for PBXNativeTarget "JYSlideSegmentControllerTests" */;
			buildPhases = (
				E12DF8FB18E94BFD006B8543 /* Sources */,
				E12DF8FC18E94BFD006B8543 /* Frameworks */,
				E12DF8FD18E94BFD006B8543 /* Resources */,
			);
			buildRules = (
			);
			dependencies = (
				E12DF90518E94BFD006B8543 /* PBXTargetDependency */,
			);
			name = JYSlideSegmentControllerTests;
			productName = JYSlideSegmentControllerTests;
			productReference = E12DF8FF18E94BFD006B8543 /* JYSlideSegmentControllerTests.xctest */;
			productType = "com.apple.product-type.bundle.unit-test";
		};
/* End PBXNativeTarget section */

/* Begin PBXProject section */
		E12DF8D318E94BFC006B8543 /* Project object */ = {
			isa = PBXProject;
			attributes = {
				LastUpgradeCheck = 0510;
				ORGANIZATIONNAME = Alvin;
				TargetAttributes = {
					E12DF8FE18E94BFD006B8543 = {
						TestTargetID = E12DF8DA18E94BFC006B8543;
					};
				};
			};
			buildConfigurationList = E12DF8D618E94BFC006B8543 /* Build configuration list for PBXProject "JYSlideSegmentController" */;
			compatibilityVersion = "Xcode 3.2";
			developmentRegion = English;
			hasScannedForEncodings = 0;
			knownRegions = (
				en,
				Base,
			);
			mainGroup = E12DF8D218E94BFC006B8543;
			productRefGroup = E12DF8DC18E94BFC006B8543 /* Products */;
			projectDirPath = "";
			projectRoot = "";
			targets = (
				E12DF8DA18E94BFC006B8543 /* JYSlideSegmentController */,
				E12DF8FE18E94BFD006B8543 /* JYSlideSegmentControllerTests */,
			);
		};
/* End PBXProject section */

/* Begin PBXResourcesBuildPhase section */
		E12DF8D918E94BFC006B8543 /* Resources */ = {
			isa = PBXResourcesBuildPhase;
			buildActionMask = 2147483647;
			files = (
				B76AFD671C36E89100935120 /* LaunchScreen.storyboard in Resources */,
				E12DF8FA18E94BFC006B8543 /* Images.xcassets in Resources */,
				E12DF8E918E94BFC006B8543 /* InfoPlist.strings in Resources */,
			);
			runOnlyForDeploymentPostprocessing = 0;
		};
		E12DF8FD18E94BFD006B8543 /* Resources */ = {
			isa = PBXResourcesBuildPhase;
			buildActionMask = 2147483647;
			files = (
				E12DF90B18E94BFD006B8543 /* InfoPlist.strings in Resources */,
			);
			runOnlyForDeploymentPostprocessing = 0;
		};
/* End PBXResourcesBuildPhase section */

/* Begin PBXSourcesBuildPhase section */
		E12DF8D718E94BFC006B8543 /* Sources */ = {
			isa = PBXSourcesBuildPhase;
			buildActionMask = 2147483647;
			files = (
				E15A7BEE18EA9FBD00BD23E5 /* JYSlideSegmentController.m in Sources */,
				E12DF8EB18E94BFC006B8543 /* main.m in Sources */,
				E15A7BF218EA9FD700BD23E5 /* AppDelegate.m in Sources */,
			);
			runOnlyForDeploymentPostprocessing = 0;
		};
		E12DF8FB18E94BFD006B8543 /* Sources */ = {
			isa = PBXSourcesBuildPhase;
			buildActionMask = 2147483647;
			files = (
				E12DF90D18E94BFD006B8543 /* JYSlideSegmentControllerTests.m in Sources */,
			);
			runOnlyForDeploymentPostprocessing = 0;
		};
/* End PBXSourcesBuildPhase section */

/* Begin PBXTargetDependency section */
		E12DF90518E94BFD006B8543 /* PBXTargetDependency */ = {
			isa = PBXTargetDependency;
			target = E12DF8DA18E94BFC006B8543 /* JYSlideSegmentController */;
			targetProxy = E12DF90418E94BFD006B8543 /* PBXContainerItemProxy */;
		};
/* End PBXTargetDependency section */

/* Begin PBXVariantGroup section */
		E12DF8E718E94BFC006B8543 /* InfoPlist.strings */ = {
			isa = PBXVariantGroup;
			children = (
				E12DF8E818E94BFC006B8543 /* en */,
			);
			name = InfoPlist.strings;
			sourceTree = "<group>";
		};
		E12DF90918E94BFD006B8543 /* InfoPlist.strings */ = {
			isa = PBXVariantGroup;
			children = (
				E12DF90A18E94BFD006B8543 /* en */,
			);
			name = InfoPlist.strings;
			sourceTree = "<group>";
		};
/* End PBXVariantGroup section */

/* Begin XCBuildConfiguration section */
		E12DF90E18E94BFD006B8543 /* Debug */ = {
			isa = XCBuildConfiguration;
			buildSettings = {
				ALWAYS_SEARCH_USER_PATHS = NO;
				CLANG_CXX_LANGUAGE_STANDARD = "gnu++0x";
				CLANG_CXX_LIBRARY = "libc++";
				CLANG_ENABLE_MODULES = YES;
				CLANG_ENABLE_OBJC_ARC = YES;
				CLANG_WARN_BOOL_CONVERSION = YES;
				CLANG_WARN_CONSTANT_CONVERSION = YES;
				CLANG_WARN_DIRECT_OBJC_ISA_USAGE = YES_ERROR;
				CLANG_WARN_EMPTY_BODY = YES;
				CLANG_WARN_ENUM_CONVERSION = YES;
				CLANG_WARN_INT_CONVERSION = YES;
				CLANG_WARN_OBJC_ROOT_CLASS = YES_ERROR;
				CLANG_WARN__DUPLICATE_METHOD_MATCH = YES;
				"CODE_SIGN_IDENTITY[sdk=iphoneos*]" = "iPhone Developer";
				COPY_PHASE_STRIP = NO;
				GCC_C_LANGUAGE_STANDARD = gnu99;
				GCC_DYNAMIC_NO_PIC = NO;
				GCC_OPTIMIZATION_LEVEL = 0;
				GCC_PREPROCESSOR_DEFINITIONS = (
					"DEBUG=1",
					"$(inherited)",
				);
				GCC_SYMBOLS_PRIVATE_EXTERN = NO;
				GCC_WARN_64_TO_32_BIT_CONVERSION = YES;
				GCC_WARN_ABOUT_RETURN_TYPE = YES_ERROR;
				GCC_WARN_UNDECLARED_SELECTOR = YES;
				GCC_WARN_UNINITIALIZED_AUTOS = YES_AGGRESSIVE;
				GCC_WARN_UNUSED_FUNCTION = YES;
				GCC_WARN_UNUSED_VARIABLE = YES;
				IPHONEOS_DEPLOYMENT_TARGET = 7.1;
				ONLY_ACTIVE_ARCH = YES;
				SDKROOT = iphoneos;
				TARGETED_DEVICE_FAMILY = "1,2";
			};
			name = Debug;
		};
		E12DF90F18E94BFD006B8543 /* Release */ = {
			isa = XCBuildConfiguration;
			buildSettings = {
				ALWAYS_SEARCH_USER_PATHS = NO;
				CLANG_CXX_LANGUAGE_STANDARD = "gnu++0x";
				CLANG_CXX_LIBRARY = "libc++";
				CLANG_ENABLE_MODULES = YES;
				CLANG_ENABLE_OBJC_ARC = YES;
				CLANG_WARN_BOOL_CONVERSION = YES;
				CLANG_WARN_CONSTANT_CONVERSION = YES;
				CLANG_WARN_DIRECT_OBJC_ISA_USAGE = YES_ERROR;
				CLANG_WARN_EMPTY_BODY = YES;
				CLANG_WARN_ENUM_CONVERSION = YES;
				CLANG_WARN_INT_CONVERSION = YES;
				CLANG_WARN_OBJC_ROOT_CLASS = YES_ERROR;
				CLANG_WARN__DUPLICATE_METHOD_MATCH = YES;
				"CODE_SIGN_IDENTITY[sdk=iphoneos*]" = "iPhone Developer";
				COPY_PHASE_STRIP = YES;
				ENABLE_NS_ASSERTIONS = NO;
				GCC_C_LANGUAGE_STANDARD = gnu99;
				GCC_WARN_64_TO_32_BIT_CONVERSION = YES;
				GCC_WARN_ABOUT_RETURN_TYPE = YES_ERROR;
				GCC_WARN_UNDECLARED_SELECTOR = YES;
				GCC_WARN_UNINITIALIZED_AUTOS = YES_AGGRESSIVE;
				GCC_WARN_UNUSED_FUNCTION = YES;
				GCC_WARN_UNUSED_VARIABLE = YES;
				IPHONEOS_DEPLOYMENT_TARGET = 7.1;
				SDKROOT = iphoneos;
				TARGETED_DEVICE_FAMILY = "1,2";
				VALIDATE_PRODUCT = YES;
			};
			name = Release;
		};
		E12DF91118E94BFD006B8543 /* Debug */ = {
			isa = XCBuildConfiguration;
			buildSettings = {
				ASSETCATALOG_COMPILER_APPICON_NAME = AppIcon;
				ASSETCATALOG_COMPILER_LAUNCHIMAGE_NAME = LaunchImage;
				FRAMEWORK_SEARCH_PATHS = (
					"$(inherited)",
					"$(PROJECT_DIR)",
				);
				GCC_PRECOMPILE_PREFIX_HEADER = YES;
				GCC_PREFIX_HEADER = "JYSlideSegmentController/JYSlideSegmentController-Prefix.pch";
				INFOPLIST_FILE = "JYSlideSegmentController/JYSlideSegmentController-Info.plist";
				IPHONEOS_DEPLOYMENT_TARGET = 6.0;
				OTHER_CODE_SIGN_FLAGS = "";
				OTHER_LDFLAGS = "-ObjC";
				PRODUCT_NAME = "$(TARGET_NAME)";
				WRAPPER_EXTENSION = app;
			};
			name = Debug;
		};
		E12DF91218E94BFD006B8543 /* Release */ = {
			isa = XCBuildConfiguration;
			buildSettings = {
				ASSETCATALOG_COMPILER_APPICON_NAME = AppIcon;
				ASSETCATALOG_COMPILER_LAUNCHIMAGE_NAME = LaunchImage;
				FRAMEWORK_SEARCH_PATHS = (
					"$(inherited)",
					"$(PROJECT_DIR)",
				);
				GCC_PRECOMPILE_PREFIX_HEADER = YES;
				GCC_PREFIX_HEADER = "JYSlideSegmentController/JYSlideSegmentController-Prefix.pch";
				INFOPLIST_FILE = "JYSlideSegmentController/JYSlideSegmentController-Info.plist";
				IPHONEOS_DEPLOYMENT_TARGET = 6.0;
				OTHER_CODE_SIGN_FLAGS = "";
				OTHER_LDFLAGS = "-ObjC";
				PRODUCT_NAME = "$(TARGET_NAME)";
				WRAPPER_EXTENSION = app;
			};
			name = Release;
		};
		E12DF91418E94BFD006B8543 /* Debug */ = {
			isa = XCBuildConfiguration;
			buildSettings = {
				BUNDLE_LOADER = "$(BUILT_PRODUCTS_DIR)/JYSlideSegmentController.app/JYSlideSegmentController";
				FRAMEWORK_SEARCH_PATHS = (
					"$(SDKROOT)/Developer/Library/Frameworks",
					"$(inherited)",
					"$(DEVELOPER_FRAMEWORKS_DIR)",
				);
				GCC_PRECOMPILE_PREFIX_HEADER = YES;
				GCC_PREFIX_HEADER = "JYSlideSegmentController/JYSlideSegmentController-Prefix.pch";
				GCC_PREPROCESSOR_DEFINITIONS = (
					"DEBUG=1",
					"$(inherited)",
				);
				INFOPLIST_FILE = "JYSlideSegmentControllerTests/JYSlideSegmentControllerTests-Info.plist";
				PRODUCT_NAME = "$(TARGET_NAME)";
				TEST_HOST = "$(BUNDLE_LOADER)";
				WRAPPER_EXTENSION = xctest;
			};
			name = Debug;
		};
		E12DF91518E94BFD006B8543 /* Release */ = {
			isa = XCBuildConfiguration;
			buildSettings = {
				BUNDLE_LOADER = "$(BUILT_PRODUCTS_DIR)/JYSlideSegmentController.app/JYSlideSegmentController";
				FRAMEWORK_SEARCH_PATHS = (
					"$(SDKROOT)/Developer/Library/Frameworks",
					"$(inherited)",
					"$(DEVELOPER_FRAMEWORKS_DIR)",
				);
				GCC_PRECOMPILE_PREFIX_HEADER = YES;
				GCC_PREFIX_HEADER = "JYSlideSegmentController/JYSlideSegmentController-Prefix.pch";
				INFOPLIST_FILE = "JYSlideSegmentControllerTests/JYSlideSegmentControllerTests-Info.plist";
				PRODUCT_NAME = "$(TARGET_NAME)";
				TEST_HOST = "$(BUNDLE_LOADER)";
				WRAPPER_EXTENSION = xctest;
			};
			name = Release;
		};
/* End XCBuildConfiguration section */

/* Begin XCConfigurationList section */
		E12DF8D618E94BFC006B8543 /* Build configuration list for PBXProject "JYSlideSegmentController" */ = {
			isa = XCConfigurationList;
			buildConfigurations = (
				E12DF90E18E94BFD006B8543 /* Debug */,
				E12DF90F18E94BFD006B8543 /* Release */,
			);
			defaultConfigurationIsVisible = 0;
			defaultConfigurationName = Release;
		};
		E12DF91018E94BFD006B8543 /* Build configuration list for PBXNativeTarget "JYSlideSegmentController" */ = {
			isa = XCConfigurationList;
			buildConfigurations = (
				E12DF91118E94BFD006B8543 /* Debug */,
				E12DF91218E94BFD006B8543 /* Release */,
			);
			defaultConfigurationIsVisible = 0;
			defaultConfigurationName = Release;
		};
		E12DF91318E94BFD006B8543 /* Build configuration list for PBXNativeTarget "JYSlideSegmentControllerTests" */ = {
			isa = XCConfigurationList;
			buildConfigurations = (
				E12DF91418E94BFD006B8543 /* Debug */,
				E12DF91518E94BFD006B8543 /* Release */,
			);
			defaultConfigurationIsVisible = 0;
			defaultConfigurationName = Release;
		};
/* End XCConfigurationList section */
	};
	rootObject = E12DF8D318E94BFC006B8543 /* Project object */;
}
